
Microsoft Visual Studio Solution File, Format Version 12.00
# Visual Studio Version 17
VisualStudioVersion = 17.0.32014.148
MinimumVisualStudioVersion = 10.0.40219.1
Project("{9A19103F-16F7-4668-BE54-9A1E7A4F7556}") = "ControllerInterface", "ControllerInterface\ControllerInterface.csproj", "{5976F73B-B102-4B55-B932-00408A94DCF2}"
EndProject
Project("{2150E333-8FDC-42A3-9474-1A3956D46DE8}") = "Tests", "Tests", "{303526F5-BB04-4F4C-A6A2-A8C31BE020A9}"
EndProject
Project("{9A19103F-16F7-4668-BE54-9A1E7A4F7556}") = "ControllerInterface.Tests", "ControllerInterface.Tests\ControllerInterface.Tests.csproj", "{48E13E9E-D673-4960-8684-19387B47DD13}"
EndProject
Project("{9A19103F-16F7-4668-BE54-9A1E7A4F7556}") = "ControllerTestConsole", "ControllerTestConsole\ControllerTestConsole.csproj", "{CA9B6C9E-5AF0-4560-B245-51CF1C0AD046}"
EndProject
Project("{9A19103F-16F7-4668-BE54-9A1E7A4F7556}") = "Server", "Server\Server.csproj", "{0B007D84-7A27-4984-98F3-BAEA35876B86}"
EndProject
Project("{FAE04EC0-301F-11D3-BF4B-00C04F79EFBC}") = "Server.Tests", "Server.Tests\Server.Tests.csproj", "{7EA65641-1F69-477E-9720-6B234E7DA8A0}"
EndProject
Global
	GlobalSection(SolutionConfigurationPlatforms) = preSolution
		Debug|Any CPU = Debug|Any CPU
		Release|Any CPU = Release|Any CPU
	EndGlobalSection
	GlobalSection(ProjectConfigurationPlatforms) = postSolution
		{5976F73B-B102-4B55-B932-00408A94DCF2}.Debug|Any CPU.ActiveCfg = Debug|Any CPU
		{5976F73B-B102-4B55-B932-00408A94DCF2}.Debug|Any CPU.Build.0 = Debug|Any CPU
		{5976F73B-B102-4B55-B932-00408A94DCF2}.Release|Any CPU.ActiveCfg = Release|Any CPU
		{5976F73B-B102-4B55-B932-00408A94DCF2}.Release|Any CPU.Build.0 = Release|Any CPU
		{48E13E9E-D673-4960-8684-19387B47DD13}.Debug|Any CPU.ActiveCfg = Debug|Any CPU
		{48E13E9E-D673-4960-8684-19387B47DD13}.Debug|Any CPU.Build.0 = Debug|Any CPU
		{48E13E9E-D673-4960-8684-19387B47DD13}.Release|Any CPU.ActiveCfg = Release|Any CPU
		{48E13E9E-D673-4960-8684-19387B47DD13}.Release|Any CPU.Build.0 = Release|Any CPU
		{CA9B6C9E-5AF0-4560-B245-51CF1C0AD046}.Debug|Any CPU.ActiveCfg = Debug|Any CPU
		{CA9B6C9E-5AF0-4560-B245-51CF1C0AD046}.Debug|Any CPU.Build.0 = Debug|Any CPU
		{CA9B6C9E-5AF0-4560-B245-51CF1C0AD046}.Release|Any CPU.ActiveCfg = Release|Any CPU
		{CA9B6C9E-5AF0-4560-B245-51CF1C0AD046}.Release|Any CPU.Build.0 = Release|Any CPU
		{0B007D84-7A27-4984-98F3-BAEA35876B86}.Debug|Any CPU.ActiveCfg = Debug|Any CPU
		{0B007D84-7A27-4984-98F3-BAEA35876B86}.Debug|Any CPU.Build.0 = Debug|Any CPU
		{0B007D84-7A27-4984-98F3-BAEA35876B86}.Release|Any CPU.ActiveCfg = Release|Any CPU
		{0B007D84-7A27-4984-98F3-BAEA35876B86}.Release|Any CPU.Build.0 = Release|Any CPU
		{7EA65641-1F69-477E-9720-6B234E7DA8A0}.Debug|Any CPU.ActiveCfg = Debug|Any CPU
		{7EA65641-1F69-477E-9720-6B234E7DA8A0}.Debug|Any CPU.Build.0 = Debug|Any CPU
		{7EA65641-1F69-477E-9720-6B234E7DA8A0}.Release|Any CPU.ActiveCfg = Release|Any CPU
		{7EA65641-1F69-477E-9720-6B234E7DA8A0}.Release|Any CPU.Build.0 = Release|Any CPU
	EndGlobalSection
	GlobalSection(SolutionProperties) = preSolution
		HideSolutionNode = FALSE
	EndGlobalSection
	GlobalSection(NestedProjects) = preSolution
		{48E13E9E-D673-4960-8684-19387B47DD13} = {303526F5-BB04-4F4C-A6A2-A8C31BE020A9}
		{7EA65641-1F69-477E-9720-6B234E7DA8A0} = {303526F5-BB04-4F4C-A6A2-A8C31BE020A9}
	EndGlobalSection
	GlobalSection(ExtensibilityGlobals) = postSolution
		SolutionGuid = {22DD1CFF-B600-4F17-A092-831D214C479A}
	EndGlobalSection
EndGlobal
